
Microsoft Visual Studio Solution File, Format Version 12.00
# Visual Studio 15
VisualStudioVersion = 15.0.28010.2048
MinimumVisualStudioVersion = 10.0.40219.1
Project("{FAE04EC0-301F-11D3-BF4B-00C04F79EFBC}") = "FlightsManagementSystem", "FlightsManagementSystem\FlightsManagementSystem.csproj", "{5FFC9D2C-633F-4864-9E6B-84ED366B5E9F}"
EndProject
Project("{FAE04EC0-301F-11D3-BF4B-00C04F79EFBC}") = "TestFlightProject", "TestFlightProject\TestFlightProject.csproj", "{BD203F69-CE25-4308-8652-BF601DED9F4C}"
EndProject
Global
	GlobalSection(SolutionConfigurationPlatforms) = preSolution
		Debug|Any CPU = Debug|Any CPU
		Release|Any CPU = Release|Any CPU
	EndGlobalSection
	GlobalSection(ProjectConfigurationPlatforms) = postSolution
		{5FFC9D2C-633F-4864-9E6B-84ED366B5E9F}.Debug|Any CPU.ActiveCfg = Debug|Any CPU
		{5FFC9D2C-633F-4864-9E6B-84ED366B5E9F}.Debug|Any CPU.Build.0 = Debug|Any CPU
		{5FFC9D2C-633F-4864-9E6B-84ED366B5E9F}.Release|Any CPU.ActiveCfg = Release|Any CPU
		{5FFC9D2C-633F-4864-9E6B-84ED366B5E9F}.Release|Any CPU.Build.0 = Release|Any CPU
		{BD203F69-CE25-4308-8652-BF601DED9F4C}.Debug|Any CPU.ActiveCfg = Debug|Any CPU
		{BD203F69-CE25-4308-8652-BF601DED9F4C}.Debug|Any CPU.Build.0 = Debug|Any CPU
		{BD203F69-CE25-4308-8652-BF601DED9F4C}.Release|Any CPU.ActiveCfg = Release|Any CPU
		{BD203F69-CE25-4308-8652-BF601DED9F4C}.Release|Any CPU.Build.0 = Release|Any CPU
	EndGlobalSection
	GlobalSection(SolutionProperties) = preSolution
		HideSolutionNode = FALSE
	EndGlobalSection
	GlobalSection(ExtensibilityGlobals) = postSolution
		SolutionGuid = {C85D10D4-D1EA-4698-81EF-A28DD94F71E5}
	EndGlobalSection
EndGlobal
